{
  "name": "lavaplayer",
  "version": "3.0.0",
  "lockfileVersion": 1,
  "requires": true,
  "dependencies": {
    "erela.js": {
      "version": "2.3.0",
      "resolved": "https://registry.npmjs.org/erela.js/-/erela.js-2.3.0.tgz",
      "integrity": "sha512-ScIe8zX2fRXp2o2/V4kwuJwQ+nUoTnfXetIZ/MQ68SSW2WMa387AgnDfKVedRfemjprFLVSpcvE6np/x1G7w4Q==",
      "requires": {
        "@discordjs/collection": "^0.1.6",
        "axios": "^0.21.0",
        "ws": "^7.3.1"
      },
      "dependencies": {
        "@discordjs/collection": {
          "version": "0.1.6",
          "resolved": "https://registry.npmjs.org/@discordjs/collection/-/collection-0.1.6.tgz",
          "integrity": "sha512-utRNxnd9kSS2qhyivo9lMlt5qgAUasH2gb7BEOn6p0efFh24gjGomHzWKMAPn2hEReOPQZCJaRKoURwRotKucQ=="
        },
        "axios": {
          "version": "0.21.0",
          "resolved": "https://registry.npmjs.org/axios/-/axios-0.21.0.tgz",
          "integrity": "sha512-fmkJBknJKoZwem3/IKSSLpkdNXZeBu5Q7GA/aRsr2btgrptmSCxi2oFjZHqGdK9DoTil9PIHlPIZw2EcRJXRvw==",
          "requires": {
            "follow-redirects": "^1.10.0"
          }
        },
        "follow-redirects": {
          "version": "1.13.1",
          "resolved": "https://registry.npmjs.org/follow-redirects/-/follow-redirects-1.13.1.tgz",
          "integrity": "sha512-SSG5xmZh1mkPGyKzjZP8zLjltIfpW32Y5QpdNJyjcfGxK3qo3NDDkZOZSFiGn1A6SclQxY9GzEwAHQ3dmYRWpg=="
        },
        "ws": {
          "version": "7.4.1",
          "resolved": "https://registry.npmjs.org/ws/-/ws-7.4.1.tgz",
          "integrity": "sha512-pTsP8UAfhy3sk1lSk/O/s4tjD0CRwvMnzvwr4OKGX7ZvqZtUyx4KIJB5JWbkykPoc55tixMGgTNoh3k4FkNGFQ=="
        }
      }
    },
    "events": {
      "version": "3.2.0",
      "resolved": "https://registry.npmjs.org/events/-/events-3.2.0.tgz",
      "integrity": "sha512-/46HWwbfCX2xTawVfkKLGxMifJYQBWMwY1mjywRtb4c9x8l5NP3KoJtnIOiL1hfdRkIuYhETxQlo62IF8tcnlg=="
    }
  }
}
